// !$*UTF8*$!
{
	archiveVersion = 1;
	classes = {
	};
	objectVersion = 46;
	objects = {

/* Begin PBXBuildFile section */
		1E5155626B463A652F259355 /* Pods_OpenWeatherMapiOSExample.framework in Frameworks */ = {isa = PBXBuildFile; fileRef = 66035B280E689A6F9491D616 /* Pods_OpenWeatherMapiOSExample.framework */; };
		7C2ED6E81E9AEBAF00F6A581 /* AppDelegate.swift in Sources */ = {isa = PBXBuildFile; fileRef = 7C2ED6E71E9AEBAF00F6A581 /* AppDelegate.swift */; };
		7C2ED6EA1E9AEBAF00F6A581 /* ViewController.swift in Sources */ = {isa = PBXBuildFile; fileRef = 7C2ED6E91E9AEBAF00F6A581 /* ViewController.swift */; };
		7C2ED6ED1E9AEBAF00F6A581 /* Main.storyboard in Resources */ = {isa = PBXBuildFile; fileRef = 7C2ED6EB1E9AEBAF00F6A581 /* Main.storyboard */; };
		7C2ED6EF1E9AEBAF00F6A581 /* Assets.xcassets in Resources */ = {isa = PBXBuildFile; fileRef = 7C2ED6EE1E9AEBAF00F6A581 /* Assets.xcassets */; };
		7C2ED6F21E9AEBAF00F6A581 /* LaunchScreen.storyboard in Resources */ = {isa = PBXBuildFile; fileRef = 7C2ED6F01E9AEBAF00F6A581 /* LaunchScreen.storyboard */; };
/* End PBXBuildFile section */

/* Begin PBXFileReference section */
		0F4B5EFBE27E3F3F917BFEF3 /* Pods-OpenWeatherMapiOSExample.debug.xcconfig */ = {isa = PBXFileReference; includeInIndex = 1; lastKnownFileType = text.xcconfig; name = "Pods-OpenWeatherMapiOSExample.debug.xcconfig"; path = "Pods/Target Support Files/Pods-OpenWeatherMapiOSExample/Pods-OpenWeatherMapiOSExample.debug.xcconfig"; sourceTree = "<group>"; };
		66035B280E689A6F9491D616 /* Pods_OpenWeatherMapiOSExample.framework */ = {isa = PBXFileReference; explicitFileType = wrapper.framework; includeInIndex = 0; path = Pods_OpenWeatherMapiOSExample.framework; sourceTree = BUILT_PRODUCTS_DIR; };
		7C2ED6E51E9AEBAF00F6A581 /* OpenWeatherMapiOSExample.app */ = {isa = PBXFileReference; explicitFileType = wrapper.application; includeInIndex = 0; path = OpenWeatherMapiOSExample.app; sourceTree = BUILT_PRODUCTS_DIR; };
		7C2ED6E71E9AEBAF00F6A581 /* AppDelegate.swift */ = {isa = PBXFileReference; lastKnownFileType = sourcecode.swift; path = AppDelegate.swift; sourceTree = "<group>"; };
		7C2ED6E91E9AEBAF00F6A581 /* ViewController.swift */ = {isa = PBXFileReference; lastKnownFileType = sourcecode.swift; path = ViewController.swift; sourceTree = "<group>"; };
		7C2ED6EC1E9AEBAF00F6A581 /* Base */ = {isa = PBXFileReference; lastKnownFileType = file.storyboard; name = Base; path = Base.lproj/Main.storyboard; sourceTree = "<group>"; };
		7C2ED6EE1E9AEBAF00F6A581 /* Assets.xcassets */ = {isa = PBXFileReference; lastKnownFileType = folder.assetcatalog; path = Assets.xcassets; sourceTree = "<group>"; };
		7C2ED6F11E9AEBAF00F6A581 /* Base */ = {isa = PBXFileReference; lastKnownFileType = file.storyboard; name = Base; path = Base.lproj/LaunchScreen.storyboard; sourceTree = "<group>"; };
		7C2ED6F31E9AEBAF00F6A581 /* Info.plist */ = {isa = PBXFileReference; lastKnownFileType = text.plist.xml; path = Info.plist; sourceTree = "<group>"; };
		9FB87E19566189ED1B889882 /* Pods-OpenWeatherMapiOSExample.release.xcconfig */ = {isa = PBXFileReference; includeInIndex = 1; lastKnownFileType = text.xcconfig; name = "Pods-OpenWeatherMapiOSExample.release.xcconfig"; path = "Pods/Target Support Files/Pods-OpenWeatherMapiOSExample/Pods-OpenWeatherMapiOSExample.release.xcconfig"; sourceTree = "<group>"; };
/* End PBXFileReference section */

/* Begin PBXFrameworksBuildPhase section */
		7C2ED6E21E9AEBAF00F6A581 /* Frameworks */ = {
			isa = PBXFrameworksBuildPhase;
			buildActionMask = 2147483647;
			files = (
				1E5155626B463A652F259355 /* Pods_OpenWeatherMapiOSExample.framework in Frameworks */,
			);
			runOnlyForDeploymentPostprocessing = 0;
		};
/* End PBXFrameworksBuildPhase section */

/* Begin PBXGroup section */
		140D80C75CF5B27B79F8A7D7 /* Pods */ = {
			isa = PBXGroup;
			children = (
				0F4B5EFBE27E3F3F917BFEF3 /* Pods-OpenWeatherMapiOSExample.debug.xcconfig */,
				9FB87E19566189ED1B889882 /* Pods-OpenWeatherMapiOSExample.release.xcconfig */,
			);
			name = Pods;
			sourceTree = "<group>";
		};
		649F039401BB11DC62001A08 /* Frameworks */ = {
			isa = PBXGroup;
			children = (
				66035B280E689A6F9491D616 /* Pods_OpenWeatherMapiOSExample.framework */,
			);
			name = Frameworks;
			sourceTree = "<group>";
		};
		7C2ED6C31E9AEB7300F6A581 = {
			isa = PBXGroup;
			children = (
				7C2ED6E61E9AEBAF00F6A581 /* OpenWeatherMapiOSExample */,
				7C2ED6CD1E9AEB7300F6A581 /* Products */,
				140D80C75CF5B27B79F8A7D7 /* Pods */,
				649F039401BB11DC62001A08 /* Frameworks */,
			);
			sourceTree = "<group>";
		};
		7C2ED6CD1E9AEB7300F6A581 /* Products */ = {
			isa = PBXGroup;
			children = (
				7C2ED6E51E9AEBAF00F6A581 /* OpenWeatherMapiOSExample.app */,
			);
			name = Products;
			sourceTree = "<group>";
		};
		7C2ED6E61E9AEBAF00F6A581 /* OpenWeatherMapiOSExample */ = {
			isa = PBXGroup;
			children = (
				7C2ED6E71E9AEBAF00F6A581 /* AppDelegate.swift */,
				7C2ED6E91E9AEBAF00F6A581 /* ViewController.swift */,
				7C2ED6EB1E9AEBAF00F6A581 /* Main.storyboard */,
				7C2ED6EE1E9AEBAF00F6A581 /* Assets.xcassets */,
				7C2ED6F01E9AEBAF00F6A581 /* LaunchScreen.storyboard */,
				7C2ED6F31E9AEBAF00F6A581 /* Info.plist */,
			);
			path = OpenWeatherMapiOSExample;
			sourceTree = "<group>";
		};
/* End PBXGroup section */

/* Begin PBXNativeTarget section */
		7C2ED6E41E9AEBAF00F6A581 /* OpenWeatherMapiOSExample */ = {
			isa = PBXNativeTarget;
			buildConfigurationList = 7C2ED6F61E9AEBAF00F6A581 /* Build configuration list for PBXNativeTarget "OpenWeatherMapiOSExample" */;
			buildPhases = (
				8AB950F074E19DDDFFF6C35C /* [CP] Check Pods Manifest.lock */,
				7C2ED6E11E9AEBAF00F6A581 /* Sources */,
				7C2ED6E21E9AEBAF00F6A581 /* Frameworks */,
				7C2ED6E31E9AEBAF00F6A581 /* Resources */,
				DA880405353B0B142CCC105C /* [CP] Embed Pods Frameworks */,
			);
			buildRules = (
			);
			dependencies = (
			);
			name = OpenWeatherMapiOSExample;
			productName = OpenWeatherMapiOSExample;
			productReference = 7C2ED6E51E9AEBAF00F6A581 /* OpenWeatherMapiOSExample.app */;
			productType = "com.apple.product-type.application";
		};
/* End PBXNativeTarget section */

/* Begin PBXProject section */
		7C2ED6C41E9AEB7300F6A581 /* Project object */ = {
			isa = PBXProject;
			attributes = {
				LastSwiftUpdateCheck = 0830;
				LastUpgradeCheck = 0830;
				ORGANIZATIONNAME = "Ulaş Sancak";
				TargetAttributes = {
					7C2ED6E41E9AEBAF00F6A581 = {
						CreatedOnToolsVersion = 8.3;
						DevelopmentTeam = 3U82SFTT2K;
						ProvisioningStyle = Automatic;
					};
				};
			};
			buildConfigurationList = 7C2ED6C71E9AEB7300F6A581 /* Build configuration list for PBXProject "OpenWeatherMapExample" */;
			compatibilityVersion = "Xcode 3.2";
			developmentRegion = English;
			hasScannedForEncodings = 0;
			knownRegions = (
				en,
				Base,
			);
			mainGroup = 7C2ED6C31E9AEB7300F6A581;
			productRefGroup = 7C2ED6CD1E9AEB7300F6A581 /* Products */;
			projectDirPath = "";
			projectRoot = "";
			targets = (
				7C2ED6E41E9AEBAF00F6A581 /* OpenWeatherMapiOSExample */,
			);
		};
/* End PBXProject section */

/* Begin PBXResourcesBuildPhase section */
		7C2ED6E31E9AEBAF00F6A581 /* Resources */ = {
			isa = PBXResourcesBuildPhase;
			buildActionMask = 2147483647;
			files = (
				7C2ED6F21E9AEBAF00F6A581 /* LaunchScreen.storyboard in Resources */,
				7C2ED6EF1E9AEBAF00F6A581 /* Assets.xcassets in Resources */,
				7C2ED6ED1E9AEBAF00F6A581 /* Main.storyboard in Resources */,
			);
			runOnlyForDeploymentPostprocessing = 0;
		};
/* End PBXResourcesBuildPhase section */

/* Begin PBXShellScriptBuildPhase section */
		8AB950F074E19DDDFFF6C35C /* [CP] Check Pods Manifest.lock */ = {
			isa = PBXShellScriptBuildPhase;
			buildActionMask = 2147483647;
			files = (
			);
			inputPaths = (
				"${PODS_PODFILE_DIR_PATH}/Podfile.lock",
				"${PODS_ROOT}/Manifest.lock",
			);
			name = "[CP] Check Pods Manifest.lock";
			outputPaths = (
				"$(DERIVED_FILE_DIR)/Pods-OpenWeatherMapiOSExample-checkManifestLockResult.txt",
			);
			runOnlyForDeploymentPostprocessing = 0;
			shellPath = /bin/sh;
			shellScript = "diff \"${PODS_PODFILE_DIR_PATH}/Podfile.lock\" \"${PODS_ROOT}/Manifest.lock\" > /dev/null\nif [ $? != 0 ] ; then\n    # print error to STDERR\n    echo \"error: The sandbox is not in sync with the Podfile.lock. Run 'pod install' or update your CocoaPods installation.\" >&2\n    exit 1\nfi\n# This output is used by Xcode 'outputs' to avoid re-running this script phase.\necho \"SUCCESS\" > \"${SCRIPT_OUTPUT_FILE_0}\"\n";
			showEnvVarsInLog = 0;
		};
		DA880405353B0B142CCC105C /* [CP] Embed Pods Frameworks */ = {
			isa = PBXShellScriptBuildPhase;
			buildActionMask = 2147483647;
			files = (
			);
			inputPaths = (
				"${PODS_ROOT}/Target Support Files/Pods-OpenWeatherMapiOSExample/Pods-OpenWeatherMapiOSExample-frameworks.sh",
				"${BUILT_PRODUCTS_DIR}/Alamofire/Alamofire.framework",
				"${BUILT_PRODUCTS_DIR}/ObjectMapper/ObjectMapper.framework",
				"${BUILT_PRODUCTS_DIR}/openweathermap-swift-sdk/openweathermap_swift_sdk.framework",
			);
			name = "[CP] Embed Pods Frameworks";
			outputPaths = (
				"${TARGET_BUILD_DIR}/${FRAMEWORKS_FOLDER_PATH}/Alamofire.framework",
				"${TARGET_BUILD_DIR}/${FRAMEWORKS_FOLDER_PATH}/ObjectMapper.framework",
				"${TARGET_BUILD_DIR}/${FRAMEWORKS_FOLDER_PATH}/openweathermap_swift_sdk.framework",
			);
			runOnlyForDeploymentPostprocessing = 0;
			shellPath = /bin/sh;
			shellScript = "\"${PODS_ROOT}/Target Support Files/Pods-OpenWeatherMapiOSExample/Pods-OpenWeatherMapiOSExample-frameworks.sh\"\n";
			showEnvVarsInLog = 0;
		};
/* End PBXShellScriptBuildPhase section */

/* Begin PBXSourcesBuildPhase section */
		7C2ED6E11E9AEBAF00F6A581 /* Sources */ = {
			isa = PBXSourcesBuildPhase;
			buildActionMask = 2147483647;
			files = (
				7C2ED6EA1E9AEBAF00F6A581 /* ViewController.swift in Sources */,
				7C2ED6E81E9AEBAF00F6A581 /* AppDelegate.swift in Sources */,
			);
			runOnlyForDeploymentPostprocessing = 0;
		};
/* End PBXSourcesBuildPhase section */

/* Begin PBXVariantGroup section */
		7C2ED6EB1E9AEBAF00F6A581 /* Main.storyboard */ = {
			isa = PBXVariantGroup;
			children = (
				7C2ED6EC1E9AEBAF00F6A581 /* Base */,
			);
			name = Main.storyboard;
			sourceTree = "<group>";
		};
		7C2ED6F01E9AEBAF00F6A581 /* LaunchScreen.storyboard */ = {
			isa = PBXVariantGroup;
			children = (
				7C2ED6F11E9AEBAF00F6A581 /* Base */,
			);
			name = LaunchScreen.storyboard;
			sourceTree = "<group>";
		};
/* End PBXVariantGroup section */

/* Begin XCBuildConfiguration section */
		7C2ED6DC1E9AEB7300F6A581 /* Debug */ = {
			isa = XCBuildConfiguration;
			buildSettings = {
				ALWAYS_SEARCH_USER_PATHS = NO;
				CLANG_ANALYZER_NONNULL = YES;
				CLANG_ANALYZER_NUMBER_OBJECT_CONVERSION = YES_AGGRESSIVE;
				CLANG_CXX_LANGUAGE_STANDARD = "gnu++0x";
				CLANG_CXX_LIBRARY = "libc++";
				CLANG_ENABLE_MODULES = YES;
				CLANG_ENABLE_OBJC_ARC = YES;
				CLANG_WARN_BOOL_CONVERSION = YES;
				CLANG_WARN_CONSTANT_CONVERSION = YES;
				CLANG_WARN_DIRECT_OBJC_ISA_USAGE = YES_ERROR;
				CLANG_WARN_DOCUMENTATION_COMMENTS = YES;
				CLANG_WARN_EMPTY_BODY = YES;
				CLANG_WARN_ENUM_CONVERSION = YES;
				CLANG_WARN_INFINITE_RECURSION = YES;
				CLANG_WARN_INT_CONVERSION = YES;
				CLANG_WARN_OBJC_ROOT_CLASS = YES_ERROR;
				CLANG_WARN_SUSPICIOUS_MOVE = YES;
				CLANG_WARN_UNREACHABLE_CODE = YES;
				CLANG_WARN__DUPLICATE_METHOD_MATCH = YES;
				"CODE_SIGN_IDENTITY[sdk=iphoneos*]" = "iPhone Developer";
				COPY_PHASE_STRIP = NO;
				DEBUG_INFORMATION_FORMAT = dwarf;
				ENABLE_STRICT_OBJC_MSGSEND = YES;
				ENABLE_TESTABILITY = YES;
				GCC_C_LANGUAGE_STANDARD = gnu99;
				GCC_DYNAMIC_NO_PIC = NO;
				GCC_NO_COMMON_BLOCKS = YES;
				GCC_OPTIMIZATION_LEVEL = 0;
				GCC_PREPROCESSOR_DEFINITIONS = (
					"DEBUG=1",
					"$(inherited)",
				);
				GCC_WARN_64_TO_32_BIT_CONVERSION = YES;
				GCC_WARN_ABOUT_RETURN_TYPE = YES_ERROR;
				GCC_WARN_UNDECLARED_SELECTOR = YES;
				GCC_WARN_UNINITIALIZED_AUTOS = YES_AGGRESSIVE;
				GCC_WARN_UNUSED_FUNCTION = YES;
				GCC_WARN_UNUSED_VARIABLE = YES;
				IPHONEOS_DEPLOYMENT_TARGET = 9.0;
				MTL_ENABLE_DEBUG_INFO = YES;
				ONLY_ACTIVE_ARCH = YES;
				SDKROOT = iphoneos;
				SWIFT_ACTIVE_COMPILATION_CONDITIONS = DEBUG;
				SWIFT_OPTIMIZATION_LEVEL = "-Onone";
				TARGETED_DEVICE_FAMILY = "1,2";
			};
			name = Debug;
		};
		7C2ED6DD1E9AEB7300F6A581 /* Release */ = {
			isa = XCBuildConfiguration;
			buildSettings = {
				ALWAYS_SEARCH_USER_PATHS = NO;
				CLANG_ANALYZER_NONNULL = YES;
				CLANG_ANALYZER_NUMBER_OBJECT_CONVERSION = YES_AGGRESSIVE;
				CLANG_CXX_LANGUAGE_STANDARD = "gnu++0x";
				CLANG_CXX_LIBRARY = "libc++";
				CLANG_ENABLE_MODULES = YES;
				CLANG_ENABLE_OBJC_ARC = YES;
				CLANG_WARN_BOOL_CONVERSION = YES;
				CLANG_WARN_CONSTANT_CONVERSION = YES;
				CLANG_WARN_DIRECT_OBJC_ISA_USAGE = YES_ERROR;
				CLANG_WARN_DOCUMENTATION_COMMENTS = YES;
				CLANG_WARN_EMPTY_BODY = YES;
				CLANG_WARN_ENUM_CONVERSION = YES;
				CLANG_WARN_INFINITE_RECURSION = YES;
				CLANG_WARN_INT_CONVERSION = YES;
				CLANG_WARN_OBJC_ROOT_CLASS = YES_ERROR;
				CLANG_WARN_SUSPICIOUS_MOVE = YES;
				CLANG_WARN_UNREACHABLE_CODE = YES;
				CLANG_WARN__DUPLICATE_METHOD_MATCH = YES;
				"CODE_SIGN_IDENTITY[sdk=iphoneos*]" = "iPhone Developer";
				COPY_PHASE_STRIP = NO;
				DEBUG_INFORMATION_FORMAT = "dwarf-with-dsym";
				ENABLE_NS_ASSERTIONS = NO;
				ENABLE_STRICT_OBJC_MSGSEND = YES;
				GCC_C_LANGUAGE_STANDARD = gnu99;
				GCC_NO_COMMON_BLOCKS = YES;
				GCC_WARN_64_TO_32_BIT_CONVERSION = YES;
				GCC_WARN_ABOUT_RETURN_TYPE = YES_ERROR;
				GCC_WARN_UNDECLARED_SELECTOR = YES;
				GCC_WARN_UNINITIALIZED_AUTOS = YES_AGGRESSIVE;
				GCC_WARN_UNUSED_FUNCTION = YES;
				GCC_WARN_UNUSED_VARIABLE = YES;
				IPHONEOS_DEPLOYMENT_TARGET = 9.0;
				MTL_ENABLE_DEBUG_INFO = NO;
				SDKROOT = iphoneos;
				SWIFT_OPTIMIZATION_LEVEL = "-Owholemodule";
				TARGETED_DEVICE_FAMILY = "1,2";
				VALIDATE_PRODUCT = YES;
			};
			name = Release;
		};
		7C2ED6F41E9AEBAF00F6A581 /* Debug */ = {
			isa = XCBuildConfiguration;
			baseConfigurationReference = 0F4B5EFBE27E3F3F917BFEF3 /* Pods-OpenWeatherMapiOSExample.debug.xcconfig */;
			buildSettings = {
				ASSETCATALOG_COMPILER_APPICON_NAME = AppIcon;
				DEVELOPMENT_TEAM = 3U82SFTT2K;
				INFOPLIST_FILE = OpenWeatherMapiOSExample/Info.plist;
				LD_RUNPATH_SEARCH_PATHS = "$(inherited) @executable_path/Frameworks";
				PRODUCT_BUNDLE_IDENTIFIER = com.ulassancak.OpenWeatherMapiOSExample;
				PRODUCT_NAME = "$(TARGET_NAME)";
				SWIFT_VERSION = 4.2;
			};
			name = Debug;
		};
		7C2ED6F51E9AEBAF00F6A581 /* Release */ = {
			isa = XCBuildConfiguration;
			baseConfigurationReference = 9FB87E19566189ED1B889882 /* Pods-OpenWeatherMapiOSExample.release.xcconfig */;
			buildSettings = {
				ASSETCATALOG_COMPILER_APPICON_NAME = AppIcon;
				DEVELOPMENT_TEAM = 3U82SFTT2K;
				INFOPLIST_FILE = OpenWeatherMapiOSExample/Info.plist;
				LD_RUNPATH_SEARCH_PATHS = "$(inherited) @executable_path/Frameworks";
				PRODUCT_BUNDLE_IDENTIFIER = com.ulassancak.OpenWeatherMapiOSExample;
				PRODUCT_NAME = "$(TARGET_NAME)";
				SWIFT_VERSION = 4.2;
			};
			name = Release;
		};
/* End XCBuildConfiguration section */

/* Begin XCConfigurationList section */
		7C2ED6C71E9AEB7300F6A581 /* Build configuration list for PBXProject "OpenWeatherMapExample" */ = {
			isa = XCConfigurationList;
			buildConfigurations = (
				7C2ED6DC1E9AEB7300F6A581 /* Debug */,
				7C2ED6DD1E9AEB7300F6A581 /* Release */,
			);
			defaultConfigurationIsVisible = 0;
			defaultConfigurationName = Release;
		};
		7C2ED6F61E9AEBAF00F6A581 /* Build configuration list for PBXNativeTarget "OpenWeatherMapiOSExample" */ = {
			isa = XCConfigurationList;
			buildConfigurations = (
				7C2ED6F41E9AEBAF00F6A581 /* Debug */,
				7C2ED6F51E9AEBAF00F6A581 /* Release */,
			);
			defaultConfigurationIsVisible = 0;
			defaultConfigurationName = Release;
		};
/* End XCConfigurationList section */
	};
	rootObject = 7C2ED6C41E9AEB7300F6A581 /* Project object */;
}
