PODS:
  - Alamofire (4.8.2)
  - ObjectMapper (3.4.2)
  - openweathermap-swift-sdk (0.1.0):
    - Alamofire (~> 4.4)
    - ObjectMapper

DEPENDENCIES:
  - openweathermap-swift-sdk (from `../`)

SPEC REPOS:
  https://github.com/cocoapods/specs.git:
    - Alamofire
    - ObjectMapper

EXTERNAL SOURCES:
  openweathermap-swift-sdk:
    :path: "../"

SPEC CHECKSUMS:
  Alamofire: ae5c501addb7afdbb13687d7f2f722c78734c2d3
  ObjectMapper: 0d4402610f4e468903ae64629eec4784531e5c51
  openweathermap-swift-sdk: 78469d44b4bf4a80286275e515cd6452f2548e8d

PODFILE CHECKSUM: 186bf0814d643ba6b9e2e9084a8617f9e3070450

COCOAPODS: 1.6.1
